// !$*UTF8*$!
{
	archiveVersion = 1;
	classes = {
	};
	objectVersion = 56;
	objects = {

/* Begin PBXBuildFile section */
		102DB599662E87855BA2660D /* Pods_Digio_DigioUITests.framework in Frameworks */ = {isa = PBXBuildFile; fileRef = 642B21117FA462B500D8E45F /* Pods_Digio_DigioUITests.framework */; };
		2911F3456CEFF45A0EFE87F8 /* Pods_Digio.framework in Frameworks */ = {isa = PBXBuildFile; fileRef = 088407581C7D1C9093BC7D28 /* Pods_Digio.framework */; };
		53787703B673041FE28AF8B2 /* Pods_DigioTests.framework in Frameworks */ = {isa = PBXBuildFile; fileRef = 1EF83F9F613F143A60D1D27C /* Pods_DigioTests.framework */; };
		F43F95882C2FD5FA00FE1C90 /* AppDelegate.swift in Sources */ = {isa = PBXBuildFile; fileRef = F43F95872C2FD5FA00FE1C90 /* AppDelegate.swift */; };
		F43F958A2C2FD5FA00FE1C90 /* SceneDelegate.swift in Sources */ = {isa = PBXBuildFile; fileRef = F43F95892C2FD5FA00FE1C90 /* SceneDelegate.swift */; };
		F43F958C2C2FD5FA00FE1C90 /* HomeViewController.swift in Sources */ = {isa = PBXBuildFile; fileRef = F43F958B2C2FD5FA00FE1C90 /* HomeViewController.swift */; };
		F43F95912C2FD5FB00FE1C90 /* Assets.xcassets in Resources */ = {isa = PBXBuildFile; fileRef = F43F95902C2FD5FB00FE1C90 /* Assets.xcassets */; };
		F43F95942C2FD5FB00FE1C90 /* Base in Resources */ = {isa = PBXBuildFile; fileRef = F43F95932C2FD5FB00FE1C90 /* Base */; };
		F43F959F2C2FD5FB00FE1C90 /* DigioTests.swift in Sources */ = {isa = PBXBuildFile; fileRef = F43F959E2C2FD5FB00FE1C90 /* DigioTests.swift */; };
		F43F95A92C2FD5FB00FE1C90 /* DigioUITests.swift in Sources */ = {isa = PBXBuildFile; fileRef = F43F95A82C2FD5FB00FE1C90 /* DigioUITests.swift */; };
		F43F95AB2C2FD5FB00FE1C90 /* DigioUITestsLaunchTests.swift in Sources */ = {isa = PBXBuildFile; fileRef = F43F95AA2C2FD5FB00FE1C90 /* DigioUITestsLaunchTests.swift */; };
		F4B15E1B2C32F799006E6FC7 /* ProductsResponse.swift in Sources */ = {isa = PBXBuildFile; fileRef = F4B15E1A2C32F799006E6FC7 /* ProductsResponse.swift */; };
		F4B15E1D2C32F7C2006E6FC7 /* Spotlight.swift in Sources */ = {isa = PBXBuildFile; fileRef = F4B15E1C2C32F7C2006E6FC7 /* Spotlight.swift */; };
		F4B15E1F2C32F7D7006E6FC7 /* Product.swift in Sources */ = {isa = PBXBuildFile; fileRef = F4B15E1E2C32F7D7006E6FC7 /* Product.swift */; };
		F4B15E212C32F7EF006E6FC7 /* Cash.swift in Sources */ = {isa = PBXBuildFile; fileRef = F4B15E202C32F7EF006E6FC7 /* Cash.swift */; };
		F4B15E242C32FAA3006E6FC7 /* MainViewModel.swift in Sources */ = {isa = PBXBuildFile; fileRef = F4B15E232C32FAA3006E6FC7 /* MainViewModel.swift */; };
		F4B15E282C331866006E6FC7 /* ProductViewModel.swift in Sources */ = {isa = PBXBuildFile; fileRef = F4B15E272C331866006E6FC7 /* ProductViewModel.swift */; };
		F4B15E2A2C3318B9006E6FC7 /* SpotlightViewModel.swift in Sources */ = {isa = PBXBuildFile; fileRef = F4B15E292C3318B9006E6FC7 /* SpotlightViewModel.swift */; };
		F4B15E2C2C335564006E6FC7 /* DigioCashCard.swift in Sources */ = {isa = PBXBuildFile; fileRef = F4B15E2B2C335564006E6FC7 /* DigioCashCard.swift */; };
		F4B15E2E2C335623006E6FC7 /* DigioCashViewModel.swift in Sources */ = {isa = PBXBuildFile; fileRef = F4B15E2D2C335623006E6FC7 /* DigioCashViewModel.swift */; };
		F4B15E302C3363C1006E6FC7 /* ProductCard.swift in Sources */ = {isa = PBXBuildFile; fileRef = F4B15E2F2C3363C1006E6FC7 /* ProductCard.swift */; };
		F4B15E332C3380C2006E6FC7 /* LoggerFactory.swift in Sources */ = {isa = PBXBuildFile; fileRef = F4B15E322C3380C2006E6FC7 /* LoggerFactory.swift */; };
		F4B15E362C344951006E6FC7 /* UILabel+Extensions.swift in Sources */ = {isa = PBXBuildFile; fileRef = F4B15E352C344951006E6FC7 /* UILabel+Extensions.swift */; };
		F4B15E382C34495F006E6FC7 /* UIButton+Extensions.swift in Sources */ = {isa = PBXBuildFile; fileRef = F4B15E372C34495F006E6FC7 /* UIButton+Extensions.swift */; };
		F4B15E3E2C34792C006E6FC7 /* AccessibilityStringsUtils.swift in Sources */ = {isa = PBXBuildFile; fileRef = F4B15E3D2C34792C006E6FC7 /* AccessibilityStringsUtils.swift */; };
		F4B15E412C34B1F7006E6FC7 /* FetchSpotlightsUseCase.swift in Sources */ = {isa = PBXBuildFile; fileRef = F4B15E402C34B1F7006E6FC7 /* FetchSpotlightsUseCase.swift */; };
		F4B15E432C34B887006E6FC7 /* FetchCashUseCase.swift in Sources */ = {isa = PBXBuildFile; fileRef = F4B15E422C34B887006E6FC7 /* FetchCashUseCase.swift */; };
		F4B15E452C34BA8D006E6FC7 /* FetchProductsUseCase.swift in Sources */ = {isa = PBXBuildFile; fileRef = F4B15E442C34BA8D006E6FC7 /* FetchProductsUseCase.swift */; };
		F4CBE0592C311260009DE789 /* HomeScreen.swift in Sources */ = {isa = PBXBuildFile; fileRef = F4CBE0582C311260009DE789 /* HomeScreen.swift */; };
		F4CBE05C2C3121EC009DE789 /* Extensions.swift in Sources */ = {isa = PBXBuildFile; fileRef = F4CBE05B2C3121EC009DE789 /* Extensions.swift */; };
		F4CBE05F2C31230D009DE789 /* Localizable.strings in Resources */ = {isa = PBXBuildFile; fileRef = F4CBE05D2C31230D009DE789 /* Localizable.strings */; };
		F4CBE0622C31261F009DE789 /* Sora-SemiBold.ttf in Resources */ = {isa = PBXBuildFile; fileRef = F4CBE0612C31261F009DE789 /* Sora-SemiBold.ttf */; };
		F4CBE0642C31262A009DE789 /* Sora-Bold.ttf in Resources */ = {isa = PBXBuildFile; fileRef = F4CBE0632C31262A009DE789 /* Sora-Bold.ttf */; };
		F4CBE0662C312633009DE789 /* Sora-Regular.ttf in Resources */ = {isa = PBXBuildFile; fileRef = F4CBE0652C312633009DE789 /* Sora-Regular.ttf */; };
		F4CBE0682C31277E009DE789 /* Constants.swift in Sources */ = {isa = PBXBuildFile; fileRef = F4CBE0672C31277E009DE789 /* Constants.swift */; };
		F4CBE06B2C31303C009DE789 /* SpotlightCard.swift in Sources */ = {isa = PBXBuildFile; fileRef = F4CBE06A2C31303C009DE789 /* SpotlightCard.swift */; };
		F4CBE0702C31E859009DE789 /* APIEndpoints.swift in Sources */ = {isa = PBXBuildFile; fileRef = F4CBE06F2C31E859009DE789 /* APIEndpoints.swift */; };
		F4CBE0722C31E864009DE789 /* APIClient.swift in Sources */ = {isa = PBXBuildFile; fileRef = F4CBE0712C31E864009DE789 /* APIClient.swift */; };
		F4CBE0742C31EA12009DE789 /* APIError.swift in Sources */ = {isa = PBXBuildFile; fileRef = F4CBE0732C31EA12009DE789 /* APIError.swift */; };
		F4CBE0792C31F0FA009DE789 /* ProductsRepository.swift in Sources */ = {isa = PBXBuildFile; fileRef = F4CBE0782C31F0FA009DE789 /* ProductsRepository.swift */; };
		F4CBE07B2C31F170009DE789 /* ProductsRepositoryImpl.swift in Sources */ = {isa = PBXBuildFile; fileRef = F4CBE07A2C31F170009DE789 /* ProductsRepositoryImpl.swift */; };
		F4CBE07D2C31F2BC009DE789 /* APIClientProtocol.swift in Sources */ = {isa = PBXBuildFile; fileRef = F4CBE07C2C31F2BC009DE789 /* APIClientProtocol.swift */; };
/* End PBXBuildFile section */

/* Begin PBXContainerItemProxy section */
		F43F959B2C2FD5FB00FE1C90 /* PBXContainerItemProxy */ = {
			isa = PBXContainerItemProxy;
			containerPortal = F43F957C2C2FD5FA00FE1C90 /* Project object */;
			proxyType = 1;
			remoteGlobalIDString = F43F95832C2FD5FA00FE1C90;
			remoteInfo = Digio;
		};
		F43F95A52C2FD5FB00FE1C90 /* PBXContainerItemProxy */ = {
			isa = PBXContainerItemProxy;
			containerPortal = F43F957C2C2FD5FA00FE1C90 /* Project object */;
			proxyType = 1;
			remoteGlobalIDString = F43F95832C2FD5FA00FE1C90;
			remoteInfo = Digio;
		};
/* End PBXContainerItemProxy section */

/* Begin PBXFileReference section */
		088407581C7D1C9093BC7D28 /* Pods_Digio.framework */ = {isa = PBXFileReference; explicitFileType = wrapper.framework; includeInIndex = 0; path = Pods_Digio.framework; sourceTree = BUILT_PRODUCTS_DIR; };
		1EF83F9F613F143A60D1D27C /* Pods_DigioTests.framework */ = {isa = PBXFileReference; explicitFileType = wrapper.framework; includeInIndex = 0; path = Pods_DigioTests.framework; sourceTree = BUILT_PRODUCTS_DIR; };
		312AF36B4706690078652D44 /* Pods-Digio.debug.xcconfig */ = {isa = PBXFileReference; includeInIndex = 1; lastKnownFileType = text.xcconfig; name = "Pods-Digio.debug.xcconfig"; path = "Target Support Files/Pods-Digio/Pods-Digio.debug.xcconfig"; sourceTree = "<group>"; };
		642B21117FA462B500D8E45F /* Pods_Digio_DigioUITests.framework */ = {isa = PBXFileReference; explicitFileType = wrapper.framework; includeInIndex = 0; path = Pods_Digio_DigioUITests.framework; sourceTree = BUILT_PRODUCTS_DIR; };
		92EC445A48963B9A7B8B270F /* Pods-Digio-DigioUITests.debug.xcconfig */ = {isa = PBXFileReference; includeInIndex = 1; lastKnownFileType = text.xcconfig; name = "Pods-Digio-DigioUITests.debug.xcconfig"; path = "Target Support Files/Pods-Digio-DigioUITests/Pods-Digio-DigioUITests.debug.xcconfig"; sourceTree = "<group>"; };
		9DCB7BACF0FE91DA755436FA /* Pods-Digio.release.xcconfig */ = {isa = PBXFileReference; includeInIndex = 1; lastKnownFileType = text.xcconfig; name = "Pods-Digio.release.xcconfig"; path = "Target Support Files/Pods-Digio/Pods-Digio.release.xcconfig"; sourceTree = "<group>"; };
		A0CCCDAF0E729400817B3DD5 /* Pods-Digio-DigioUITests.release.xcconfig */ = {isa = PBXFileReference; includeInIndex = 1; lastKnownFileType = text.xcconfig; name = "Pods-Digio-DigioUITests.release.xcconfig"; path = "Target Support Files/Pods-Digio-DigioUITests/Pods-Digio-DigioUITests.release.xcconfig"; sourceTree = "<group>"; };
		E94F5D106FB52CC565E387D4 /* Pods-DigioTests.release.xcconfig */ = {isa = PBXFileReference; includeInIndex = 1; lastKnownFileType = text.xcconfig; name = "Pods-DigioTests.release.xcconfig"; path = "Target Support Files/Pods-DigioTests/Pods-DigioTests.release.xcconfig"; sourceTree = "<group>"; };
		F43F95842C2FD5FA00FE1C90 /* Digio.app */ = {isa = PBXFileReference; explicitFileType = wrapper.application; includeInIndex = 0; path = Digio.app; sourceTree = BUILT_PRODUCTS_DIR; };
		F43F95872C2FD5FA00FE1C90 /* AppDelegate.swift */ = {isa = PBXFileReference; lastKnownFileType = sourcecode.swift; path = AppDelegate.swift; sourceTree = "<group>"; };
		F43F95892C2FD5FA00FE1C90 /* SceneDelegate.swift */ = {isa = PBXFileReference; lastKnownFileType = sourcecode.swift; path = SceneDelegate.swift; sourceTree = "<group>"; };
		F43F958B2C2FD5FA00FE1C90 /* HomeViewController.swift */ = {isa = PBXFileReference; lastKnownFileType = sourcecode.swift; path = HomeViewController.swift; sourceTree = "<group>"; };
		F43F95902C2FD5FB00FE1C90 /* Assets.xcassets */ = {isa = PBXFileReference; lastKnownFileType = folder.assetcatalog; path = Assets.xcassets; sourceTree = "<group>"; };
		F43F95932C2FD5FB00FE1C90 /* Base */ = {isa = PBXFileReference; lastKnownFileType = file.storyboard; name = Base; path = Base.lproj/LaunchScreen.storyboard; sourceTree = "<group>"; };
		F43F95952C2FD5FB00FE1C90 /* Info.plist */ = {isa = PBXFileReference; lastKnownFileType = text.plist.xml; path = Info.plist; sourceTree = "<group>"; };
		F43F959A2C2FD5FB00FE1C90 /* DigioTests.xctest */ = {isa = PBXFileReference; explicitFileType = wrapper.cfbundle; includeInIndex = 0; path = DigioTests.xctest; sourceTree = BUILT_PRODUCTS_DIR; };
		F43F959E2C2FD5FB00FE1C90 /* DigioTests.swift */ = {isa = PBXFileReference; lastKnownFileType = sourcecode.swift; path = DigioTests.swift; sourceTree = "<group>"; };
		F43F95A42C2FD5FB00FE1C90 /* DigioUITests.xctest */ = {isa = PBXFileReference; explicitFileType = wrapper.cfbundle; includeInIndex = 0; path = DigioUITests.xctest; sourceTree = BUILT_PRODUCTS_DIR; };
		F43F95A82C2FD5FB00FE1C90 /* DigioUITests.swift */ = {isa = PBXFileReference; lastKnownFileType = sourcecode.swift; path = DigioUITests.swift; sourceTree = "<group>"; };
		F43F95AA2C2FD5FB00FE1C90 /* DigioUITestsLaunchTests.swift */ = {isa = PBXFileReference; lastKnownFileType = sourcecode.swift; path = DigioUITestsLaunchTests.swift; sourceTree = "<group>"; };
		F4B15E1A2C32F799006E6FC7 /* ProductsResponse.swift */ = {isa = PBXFileReference; lastKnownFileType = sourcecode.swift; path = ProductsResponse.swift; sourceTree = "<group>"; };
		F4B15E1C2C32F7C2006E6FC7 /* Spotlight.swift */ = {isa = PBXFileReference; lastKnownFileType = sourcecode.swift; path = Spotlight.swift; sourceTree = "<group>"; };
		F4B15E1E2C32F7D7006E6FC7 /* Product.swift */ = {isa = PBXFileReference; lastKnownFileType = sourcecode.swift; path = Product.swift; sourceTree = "<group>"; };
		F4B15E202C32F7EF006E6FC7 /* Cash.swift */ = {isa = PBXFileReference; lastKnownFileType = sourcecode.swift; path = Cash.swift; sourceTree = "<group>"; };
		F4B15E232C32FAA3006E6FC7 /* MainViewModel.swift */ = {isa = PBXFileReference; lastKnownFileType = sourcecode.swift; path = MainViewModel.swift; sourceTree = "<group>"; };
		F4B15E272C331866006E6FC7 /* ProductViewModel.swift */ = {isa = PBXFileReference; lastKnownFileType = sourcecode.swift; path = ProductViewModel.swift; sourceTree = "<group>"; };
		F4B15E292C3318B9006E6FC7 /* SpotlightViewModel.swift */ = {isa = PBXFileReference; lastKnownFileType = sourcecode.swift; path = SpotlightViewModel.swift; sourceTree = "<group>"; };
		F4B15E2B2C335564006E6FC7 /* DigioCashCard.swift */ = {isa = PBXFileReference; lastKnownFileType = sourcecode.swift; path = DigioCashCard.swift; sourceTree = "<group>"; };
		F4B15E2D2C335623006E6FC7 /* DigioCashViewModel.swift */ = {isa = PBXFileReference; lastKnownFileType = sourcecode.swift; path = DigioCashViewModel.swift; sourceTree = "<group>"; };
		F4B15E2F2C3363C1006E6FC7 /* ProductCard.swift */ = {isa = PBXFileReference; lastKnownFileType = sourcecode.swift; path = ProductCard.swift; sourceTree = "<group>"; };
		F4B15E322C3380C2006E6FC7 /* LoggerFactory.swift */ = {isa = PBXFileReference; lastKnownFileType = sourcecode.swift; path = LoggerFactory.swift; sourceTree = "<group>"; };
		F4B15E352C344951006E6FC7 /* UILabel+Extensions.swift */ = {isa = PBXFileReference; lastKnownFileType = sourcecode.swift; path = "UILabel+Extensions.swift"; sourceTree = "<group>"; };
		F4B15E372C34495F006E6FC7 /* UIButton+Extensions.swift */ = {isa = PBXFileReference; lastKnownFileType = sourcecode.swift; path = "UIButton+Extensions.swift"; sourceTree = "<group>"; };
		F4B15E3B2C345DB1006E6FC7 /* pt-BR */ = {isa = PBXFileReference; lastKnownFileType = text.plist.strings; name = "pt-BR"; path = "pt-BR.lproj/LaunchScreen.strings"; sourceTree = "<group>"; };
		F4B15E3C2C345DB1006E6FC7 /* pt-BR */ = {isa = PBXFileReference; lastKnownFileType = text.plist.strings; name = "pt-BR"; path = "pt-BR.lproj/Localizable.strings"; sourceTree = "<group>"; };
		F4B15E3D2C34792C006E6FC7 /* AccessibilityStringsUtils.swift */ = {isa = PBXFileReference; lastKnownFileType = sourcecode.swift; path = AccessibilityStringsUtils.swift; sourceTree = "<group>"; };
		F4B15E402C34B1F7006E6FC7 /* FetchSpotlightsUseCase.swift */ = {isa = PBXFileReference; lastKnownFileType = sourcecode.swift; path = FetchSpotlightsUseCase.swift; sourceTree = "<group>"; };
		F4B15E422C34B887006E6FC7 /* FetchCashUseCase.swift */ = {isa = PBXFileReference; lastKnownFileType = sourcecode.swift; path = FetchCashUseCase.swift; sourceTree = "<group>"; };
		F4B15E442C34BA8D006E6FC7 /* FetchProductsUseCase.swift */ = {isa = PBXFileReference; lastKnownFileType = sourcecode.swift; path = FetchProductsUseCase.swift; sourceTree = "<group>"; };
		F4CBE0582C311260009DE789 /* HomeScreen.swift */ = {isa = PBXFileReference; lastKnownFileType = sourcecode.swift; path = HomeScreen.swift; sourceTree = "<group>"; };
		F4CBE05B2C3121EC009DE789 /* Extensions.swift */ = {isa = PBXFileReference; lastKnownFileType = sourcecode.swift; path = Extensions.swift; sourceTree = "<group>"; };
		F4CBE05E2C31230D009DE789 /* en */ = {isa = PBXFileReference; lastKnownFileType = text.plist.strings; name = en; path = en.lproj/Localizable.strings; sourceTree = "<group>"; };
		F4CBE0612C31261F009DE789 /* Sora-SemiBold.ttf */ = {isa = PBXFileReference; lastKnownFileType = file; path = "Sora-SemiBold.ttf"; sourceTree = "<group>"; };
		F4CBE0632C31262A009DE789 /* Sora-Bold.ttf */ = {isa = PBXFileReference; lastKnownFileType = file; path = "Sora-Bold.ttf"; sourceTree = "<group>"; };
		F4CBE0652C312633009DE789 /* Sora-Regular.ttf */ = {isa = PBXFileReference; lastKnownFileType = file; path = "Sora-Regular.ttf"; sourceTree = "<group>"; };
		F4CBE0672C31277E009DE789 /* Constants.swift */ = {isa = PBXFileReference; lastKnownFileType = sourcecode.swift; path = Constants.swift; sourceTree = "<group>"; };
		F4CBE06A2C31303C009DE789 /* SpotlightCard.swift */ = {isa = PBXFileReference; lastKnownFileType = sourcecode.swift; path = SpotlightCard.swift; sourceTree = "<group>"; };
		F4CBE06F2C31E859009DE789 /* APIEndpoints.swift */ = {isa = PBXFileReference; lastKnownFileType = sourcecode.swift; path = APIEndpoints.swift; sourceTree = "<group>"; };
		F4CBE0712C31E864009DE789 /* APIClient.swift */ = {isa = PBXFileReference; lastKnownFileType = sourcecode.swift; path = APIClient.swift; sourceTree = "<group>"; };
		F4CBE0732C31EA12009DE789 /* APIError.swift */ = {isa = PBXFileReference; lastKnownFileType = sourcecode.swift; path = APIError.swift; sourceTree = "<group>"; };
		F4CBE0782C31F0FA009DE789 /* ProductsRepository.swift */ = {isa = PBXFileReference; lastKnownFileType = sourcecode.swift; path = ProductsRepository.swift; sourceTree = "<group>"; };
		F4CBE07A2C31F170009DE789 /* ProductsRepositoryImpl.swift */ = {isa = PBXFileReference; lastKnownFileType = sourcecode.swift; path = ProductsRepositoryImpl.swift; sourceTree = "<group>"; };
		F4CBE07C2C31F2BC009DE789 /* APIClientProtocol.swift */ = {isa = PBXFileReference; lastKnownFileType = sourcecode.swift; path = APIClientProtocol.swift; sourceTree = "<group>"; };
		F78650F0F2D1CB53A0D69DE4 /* Pods-DigioTests.debug.xcconfig */ = {isa = PBXFileReference; includeInIndex = 1; lastKnownFileType = text.xcconfig; name = "Pods-DigioTests.debug.xcconfig"; path = "Target Support Files/Pods-DigioTests/Pods-DigioTests.debug.xcconfig"; sourceTree = "<group>"; };
/* End PBXFileReference section */

/* Begin PBXFrameworksBuildPhase section */
		F43F95812C2FD5FA00FE1C90 /* Frameworks */ = {
			isa = PBXFrameworksBuildPhase;
			buildActionMask = 2147483647;
			files = (
				2911F3456CEFF45A0EFE87F8 /* Pods_Digio.framework in Frameworks */,
			);
			runOnlyForDeploymentPostprocessing = 0;
		};
		F43F95972C2FD5FB00FE1C90 /* Frameworks */ = {
			isa = PBXFrameworksBuildPhase;
			buildActionMask = 2147483647;
			files = (
				53787703B673041FE28AF8B2 /* Pods_DigioTests.framework in Frameworks */,
			);
			runOnlyForDeploymentPostprocessing = 0;
		};
		F43F95A12C2FD5FB00FE1C90 /* Frameworks */ = {
			isa = PBXFrameworksBuildPhase;
			buildActionMask = 2147483647;
			files = (
				102DB599662E87855BA2660D /* Pods_Digio_DigioUITests.framework in Frameworks */,
			);
			runOnlyForDeploymentPostprocessing = 0;
		};
/* End PBXFrameworksBuildPhase section */

/* Begin PBXGroup section */
		9975A3064823E6CD2C386717 /* Frameworks */ = {
			isa = PBXGroup;
			children = (
				088407581C7D1C9093BC7D28 /* Pods_Digio.framework */,
				642B21117FA462B500D8E45F /* Pods_Digio_DigioUITests.framework */,
				1EF83F9F613F143A60D1D27C /* Pods_DigioTests.framework */,
			);
			name = Frameworks;
			sourceTree = "<group>";
		};
		F43F957B2C2FD5FA00FE1C90 = {
			isa = PBXGroup;
			children = (
				F43F95862C2FD5FA00FE1C90 /* Digio */,
				F43F959D2C2FD5FB00FE1C90 /* DigioTests */,
				F43F95A72C2FD5FB00FE1C90 /* DigioUITests */,
				F43F95852C2FD5FA00FE1C90 /* Products */,
				FCD6D9952CA35A989BE099FC /* Pods */,
				9975A3064823E6CD2C386717 /* Frameworks */,
			);
			sourceTree = "<group>";
		};
		F43F95852C2FD5FA00FE1C90 /* Products */ = {
			isa = PBXGroup;
			children = (
				F43F95842C2FD5FA00FE1C90 /* Digio.app */,
				F43F959A2C2FD5FB00FE1C90 /* DigioTests.xctest */,
				F43F95A42C2FD5FB00FE1C90 /* DigioUITests.xctest */,
			);
			name = Products;
			sourceTree = "<group>";
		};
		F43F95862C2FD5FA00FE1C90 /* Digio */ = {
			isa = PBXGroup;
			children = (
				F4B15E312C3380A2006E6FC7 /* Utilities */,
				F4CBE0752C31F0BA009DE789 /* Domain */,
				F4CBE06C2C31E801009DE789 /* Data */,
				F4CBE0602C3125F7009DE789 /* Fonts */,
				F4CBE05A2C3121DD009DE789 /* Common */,
				F4CBE0552C311164009DE789 /* Presentation */,
				F43F95872C2FD5FA00FE1C90 /* AppDelegate.swift */,
				F43F95892C2FD5FA00FE1C90 /* SceneDelegate.swift */,
				F43F95902C2FD5FB00FE1C90 /* Assets.xcassets */,
				F43F95922C2FD5FB00FE1C90 /* LaunchScreen.storyboard */,
				F43F95952C2FD5FB00FE1C90 /* Info.plist */,
				F4CBE05D2C31230D009DE789 /* Localizable.strings */,
			);
			path = Digio;
			sourceTree = "<group>";
		};
		F43F959D2C2FD5FB00FE1C90 /* DigioTests */ = {
			isa = PBXGroup;
			children = (
				F43F959E2C2FD5FB00FE1C90 /* DigioTests.swift */,
			);
			path = DigioTests;
			sourceTree = "<group>";
		};
		F43F95A72C2FD5FB00FE1C90 /* DigioUITests */ = {
			isa = PBXGroup;
			children = (
				F43F95A82C2FD5FB00FE1C90 /* DigioUITests.swift */,
				F43F95AA2C2FD5FB00FE1C90 /* DigioUITestsLaunchTests.swift */,
			);
			path = DigioUITests;
			sourceTree = "<group>";
		};
		F4B15E192C32F50A006E6FC7 /* Models */ = {
			isa = PBXGroup;
			children = (
				F4B15E1A2C32F799006E6FC7 /* ProductsResponse.swift */,
				F4B15E1C2C32F7C2006E6FC7 /* Spotlight.swift */,
				F4B15E1E2C32F7D7006E6FC7 /* Product.swift */,
				F4B15E202C32F7EF006E6FC7 /* Cash.swift */,
			);
			path = Models;
			sourceTree = "<group>";
		};
		F4B15E222C32FA7D006E6FC7 /* ViewModels */ = {
			isa = PBXGroup;
			children = (
				F4B15E232C32FAA3006E6FC7 /* MainViewModel.swift */,
				F4B15E272C331866006E6FC7 /* ProductViewModel.swift */,
				F4B15E292C3318B9006E6FC7 /* SpotlightViewModel.swift */,
				F4B15E2D2C335623006E6FC7 /* DigioCashViewModel.swift */,
			);
			path = ViewModels;
			sourceTree = "<group>";
		};
		F4B15E312C3380A2006E6FC7 /* Utilities */ = {
			isa = PBXGroup;
			children = (
				F4B15E342C344885006E6FC7 /* Extensions */,
				F4B15E322C3380C2006E6FC7 /* LoggerFactory.swift */,
				F4B15E3D2C34792C006E6FC7 /* AccessibilityStringsUtils.swift */,
			);
			path = Utilities;
			sourceTree = "<group>";
		};
		F4B15E342C344885006E6FC7 /* Extensions */ = {
			isa = PBXGroup;
			children = (
				F4B15E352C344951006E6FC7 /* UILabel+Extensions.swift */,
				F4B15E372C34495F006E6FC7 /* UIButton+Extensions.swift */,
			);
			path = Extensions;
			sourceTree = "<group>";
		};
		F4B15E3F2C34AF76006E6FC7 /* UseCases */ = {
			isa = PBXGroup;
			children = (
				F4B15E402C34B1F7006E6FC7 /* FetchSpotlightsUseCase.swift */,
				F4B15E422C34B887006E6FC7 /* FetchCashUseCase.swift */,
				F4B15E442C34BA8D006E6FC7 /* FetchProductsUseCase.swift */,
			);
			path = UseCases;
			sourceTree = "<group>";
		};
		F4CBE0552C311164009DE789 /* Presentation */ = {
			isa = PBXGroup;
			children = (
				F4B15E222C32FA7D006E6FC7 /* ViewModels */,
				F4CBE0692C312F7C009DE789 /* Components */,
				F4CBE0572C3111CC009DE789 /* ViewControllers */,
				F4CBE0562C3111AB009DE789 /* Screens */,
			);
			path = Presentation;
			sourceTree = "<group>";
		};
		F4CBE0562C3111AB009DE789 /* Screens */ = {
			isa = PBXGroup;
			children = (
				F4CBE0582C311260009DE789 /* HomeScreen.swift */,
			);
			path = Screens;
			sourceTree = "<group>";
		};
		F4CBE0572C3111CC009DE789 /* ViewControllers */ = {
			isa = PBXGroup;
			children = (
				F43F958B2C2FD5FA00FE1C90 /* HomeViewController.swift */,
			);
			path = ViewControllers;
			sourceTree = "<group>";
		};
		F4CBE05A2C3121DD009DE789 /* Common */ = {
			isa = PBXGroup;
			children = (
				F4CBE05B2C3121EC009DE789 /* Extensions.swift */,
				F4CBE0672C31277E009DE789 /* Constants.swift */,
			);
			path = Common;
			sourceTree = "<group>";
		};
		F4CBE0602C3125F7009DE789 /* Fonts */ = {
			isa = PBXGroup;
			children = (
				F4CBE0612C31261F009DE789 /* Sora-SemiBold.ttf */,
				F4CBE0632C31262A009DE789 /* Sora-Bold.ttf */,
				F4CBE0652C312633009DE789 /* Sora-Regular.ttf */,
			);
			path = Fonts;
			sourceTree = "<group>";
		};
		F4CBE0692C312F7C009DE789 /* Components */ = {
			isa = PBXGroup;
			children = (
				F4CBE06A2C31303C009DE789 /* SpotlightCard.swift */,
				F4B15E2B2C335564006E6FC7 /* DigioCashCard.swift */,
				F4B15E2F2C3363C1006E6FC7 /* ProductCard.swift */,
			);
			path = Components;
			sourceTree = "<group>";
		};
		F4CBE06C2C31E801009DE789 /* Data */ = {
			isa = PBXGroup;
			children = (
				F4CBE06E2C31E824009DE789 /* Network */,
				F4CBE06D2C31E816009DE789 /* Repositories */,
			);
			path = Data;
			sourceTree = "<group>";
		};
		F4CBE06D2C31E816009DE789 /* Repositories */ = {
			isa = PBXGroup;
			children = (
				F4CBE07A2C31F170009DE789 /* ProductsRepositoryImpl.swift */,
			);
			path = Repositories;
			sourceTree = "<group>";
		};
		F4CBE06E2C31E824009DE789 /* Network */ = {
			isa = PBXGroup;
			children = (
				F4CBE06F2C31E859009DE789 /* APIEndpoints.swift */,
				F4CBE0712C31E864009DE789 /* APIClient.swift */,
				F4CBE0732C31EA12009DE789 /* APIError.swift */,
				F4CBE07C2C31F2BC009DE789 /* APIClientProtocol.swift */,
			);
			path = Network;
			sourceTree = "<group>";
		};
		F4CBE0752C31F0BA009DE789 /* Domain */ = {
			isa = PBXGroup;
			children = (
				F4B15E3F2C34AF76006E6FC7 /* UseCases */,
				F4B15E192C32F50A006E6FC7 /* Models */,
				F4CBE0762C31F0CA009DE789 /* Interfaces */,
			);
			path = Domain;
			sourceTree = "<group>";
		};
		F4CBE0762C31F0CA009DE789 /* Interfaces */ = {
			isa = PBXGroup;
			children = (
				F4CBE0772C31F0DD009DE789 /* Repositories */,
			);
			path = Interfaces;
			sourceTree = "<group>";
		};
		F4CBE0772C31F0DD009DE789 /* Repositories */ = {
			isa = PBXGroup;
			children = (
				F4CBE0782C31F0FA009DE789 /* ProductsRepository.swift */,
			);
			path = Repositories;
			sourceTree = "<group>";
		};
		FCD6D9952CA35A989BE099FC /* Pods */ = {
			isa = PBXGroup;
			children = (
				312AF36B4706690078652D44 /* Pods-Digio.debug.xcconfig */,
				9DCB7BACF0FE91DA755436FA /* Pods-Digio.release.xcconfig */,
				92EC445A48963B9A7B8B270F /* Pods-Digio-DigioUITests.debug.xcconfig */,
				A0CCCDAF0E729400817B3DD5 /* Pods-Digio-DigioUITests.release.xcconfig */,
				F78650F0F2D1CB53A0D69DE4 /* Pods-DigioTests.debug.xcconfig */,
				E94F5D106FB52CC565E387D4 /* Pods-DigioTests.release.xcconfig */,
			);
			path = Pods;
			sourceTree = "<group>";
		};
/* End PBXGroup section */

/* Begin PBXNativeTarget section */
		F43F95832C2FD5FA00FE1C90 /* Digio */ = {
			isa = PBXNativeTarget;
			buildConfigurationList = F43F95AE2C2FD5FB00FE1C90 /* Build configuration list for PBXNativeTarget "Digio" */;
			buildPhases = (
				11F4300310A666E452D848E8 /* [CP] Check Pods Manifest.lock */,
				F43F95802C2FD5FA00FE1C90 /* Sources */,
				F43F95812C2FD5FA00FE1C90 /* Frameworks */,
				F43F95822C2FD5FA00FE1C90 /* Resources */,
				F45F454C2C309F8900BB6980 /* SwiftLint */,
			);
			buildRules = (
			);
			dependencies = (
			);
			name = Digio;
			productName = Digio;
			productReference = F43F95842C2FD5FA00FE1C90 /* Digio.app */;
			productType = "com.apple.product-type.application";
		};
		F43F95992C2FD5FB00FE1C90 /* DigioTests */ = {
			isa = PBXNativeTarget;
			buildConfigurationList = F43F95B12C2FD5FB00FE1C90 /* Build configuration list for PBXNativeTarget "DigioTests" */;
			buildPhases = (
				7719C82E8ED248728C5DCC9D /* [CP] Check Pods Manifest.lock */,
				F43F95962C2FD5FB00FE1C90 /* Sources */,
				F43F95972C2FD5FB00FE1C90 /* Frameworks */,
				F43F95982C2FD5FB00FE1C90 /* Resources */,
			);
			buildRules = (
			);
			dependencies = (
				F43F959C2C2FD5FB00FE1C90 /* PBXTargetDependency */,
			);
			name = DigioTests;
			productName = DigioTests;
			productReference = F43F959A2C2FD5FB00FE1C90 /* DigioTests.xctest */;
			productType = "com.apple.product-type.bundle.unit-test";
		};
		F43F95A32C2FD5FB00FE1C90 /* DigioUITests */ = {
			isa = PBXNativeTarget;
			buildConfigurationList = F43F95B42C2FD5FB00FE1C90 /* Build configuration list for PBXNativeTarget "DigioUITests" */;
			buildPhases = (
				FE6E73086EC8158CF5D99ABB /* [CP] Check Pods Manifest.lock */,
				F43F95A02C2FD5FB00FE1C90 /* Sources */,
				F43F95A12C2FD5FB00FE1C90 /* Frameworks */,
				F43F95A22C2FD5FB00FE1C90 /* Resources */,
			);
			buildRules = (
			);
			dependencies = (
				F43F95A62C2FD5FB00FE1C90 /* PBXTargetDependency */,
			);
			name = DigioUITests;
			productName = DigioUITests;
			productReference = F43F95A42C2FD5FB00FE1C90 /* DigioUITests.xctest */;
			productType = "com.apple.product-type.bundle.ui-testing";
		};
/* End PBXNativeTarget section */

/* Begin PBXProject section */
		F43F957C2C2FD5FA00FE1C90 /* Project object */ = {
			isa = PBXProject;
			attributes = {
				BuildIndependentTargetsInParallel = 1;
				LastSwiftUpdateCheck = 1540;
				LastUpgradeCheck = 1540;
				TargetAttributes = {
					F43F95832C2FD5FA00FE1C90 = {
						CreatedOnToolsVersion = 15.4;
					};
					F43F95992C2FD5FB00FE1C90 = {
						CreatedOnToolsVersion = 15.4;
						TestTargetID = F43F95832C2FD5FA00FE1C90;
					};
					F43F95A32C2FD5FB00FE1C90 = {
						CreatedOnToolsVersion = 15.4;
						TestTargetID = F43F95832C2FD5FA00FE1C90;
					};
				};
			};
			buildConfigurationList = F43F957F2C2FD5FA00FE1C90 /* Build configuration list for PBXProject "Digio" */;
			compatibilityVersion = "Xcode 14.0";
			developmentRegion = en;
			hasScannedForEncodings = 0;
			knownRegions = (
				en,
				Base,
				"pt-BR",
			);
			mainGroup = F43F957B2C2FD5FA00FE1C90;
			productRefGroup = F43F95852C2FD5FA00FE1C90 /* Products */;
			projectDirPath = "";
			projectRoot = "";
			targets = (
				F43F95832C2FD5FA00FE1C90 /* Digio */,
				F43F95992C2FD5FB00FE1C90 /* DigioTests */,
				F43F95A32C2FD5FB00FE1C90 /* DigioUITests */,
			);
		};
/* End PBXProject section */

/* Begin PBXResourcesBuildPhase section */
		F43F95822C2FD5FA00FE1C90 /* Resources */ = {
			isa = PBXResourcesBuildPhase;
			buildActionMask = 2147483647;
			files = (
				F43F95912C2FD5FB00FE1C90 /* Assets.xcassets in Resources */,
				F4CBE05F2C31230D009DE789 /* Localizable.strings in Resources */,
				F4CBE0622C31261F009DE789 /* Sora-SemiBold.ttf in Resources */,
				F4CBE0642C31262A009DE789 /* Sora-Bold.ttf in Resources */,
				F4CBE0662C312633009DE789 /* Sora-Regular.ttf in Resources */,
				F43F95942C2FD5FB00FE1C90 /* Base in Resources */,
			);
			runOnlyForDeploymentPostprocessing = 0;
		};
		F43F95982C2FD5FB00FE1C90 /* Resources */ = {
			isa = PBXResourcesBuildPhase;
			buildActionMask = 2147483647;
			files = (
			);
			runOnlyForDeploymentPostprocessing = 0;
		};
		F43F95A22C2FD5FB00FE1C90 /* Resources */ = {
			isa = PBXResourcesBuildPhase;
			buildActionMask = 2147483647;
			files = (
			);
			runOnlyForDeploymentPostprocessing = 0;
		};
/* End PBXResourcesBuildPhase section */

/* Begin PBXShellScriptBuildPhase section */
		11F4300310A666E452D848E8 /* [CP] Check Pods Manifest.lock */ = {
			isa = PBXShellScriptBuildPhase;
			buildActionMask = 2147483647;
			files = (
			);
			inputFileListPaths = (
			);
			inputPaths = (
				"${PODS_PODFILE_DIR_PATH}/Podfile.lock",
				"${PODS_ROOT}/Manifest.lock",
			);
			name = "[CP] Check Pods Manifest.lock";
			outputFileListPaths = (
			);
			outputPaths = (
				"$(DERIVED_FILE_DIR)/Pods-Digio-checkManifestLockResult.txt",
			);
			runOnlyForDeploymentPostprocessing = 0;
			shellPath = /bin/sh;
			shellScript = "diff \"${PODS_PODFILE_DIR_PATH}/Podfile.lock\" \"${PODS_ROOT}/Manifest.lock\" > /dev/null\nif [ $? != 0 ] ; then\n    # print error to STDERR\n    echo \"error: The sandbox is not in sync with the Podfile.lock. Run 'pod install' or update your CocoaPods installation.\" >&2\n    exit 1\nfi\n# This output is used by Xcode 'outputs' to avoid re-running this script phase.\necho \"SUCCESS\" > \"${SCRIPT_OUTPUT_FILE_0}\"\n";
			showEnvVarsInLog = 0;
		};
		7719C82E8ED248728C5DCC9D /* [CP] Check Pods Manifest.lock */ = {
			isa = PBXShellScriptBuildPhase;
			buildActionMask = 2147483647;
			files = (
			);
			inputFileListPaths = (
			);
			inputPaths = (
				"${PODS_PODFILE_DIR_PATH}/Podfile.lock",
				"${PODS_ROOT}/Manifest.lock",
			);
			name = "[CP] Check Pods Manifest.lock";
			outputFileListPaths = (
			);
			outputPaths = (
				"$(DERIVED_FILE_DIR)/Pods-DigioTests-checkManifestLockResult.txt",
			);
			runOnlyForDeploymentPostprocessing = 0;
			shellPath = /bin/sh;
			shellScript = "diff \"${PODS_PODFILE_DIR_PATH}/Podfile.lock\" \"${PODS_ROOT}/Manifest.lock\" > /dev/null\nif [ $? != 0 ] ; then\n    # print error to STDERR\n    echo \"error: The sandbox is not in sync with the Podfile.lock. Run 'pod install' or update your CocoaPods installation.\" >&2\n    exit 1\nfi\n# This output is used by Xcode 'outputs' to avoid re-running this script phase.\necho \"SUCCESS\" > \"${SCRIPT_OUTPUT_FILE_0}\"\n";
			showEnvVarsInLog = 0;
		};
		F45F454C2C309F8900BB6980 /* SwiftLint */ = {
			isa = PBXShellScriptBuildPhase;
			alwaysOutOfDate = 1;
			buildActionMask = 2147483647;
			files = (
			);
			inputFileListPaths = (
			);
			inputPaths = (
			);
			name = SwiftLint;
			outputFileListPaths = (
			);
			outputPaths = (
			);
			runOnlyForDeploymentPostprocessing = 0;
			shellPath = /bin/sh;
			shellScript = "\"${PODS_ROOT}/SwiftLint/swiftlint\"\n";
		};
		FE6E73086EC8158CF5D99ABB /* [CP] Check Pods Manifest.lock */ = {
			isa = PBXShellScriptBuildPhase;
			buildActionMask = 2147483647;
			files = (
			);
			inputFileListPaths = (
			);
			inputPaths = (
				"${PODS_PODFILE_DIR_PATH}/Podfile.lock",
				"${PODS_ROOT}/Manifest.lock",
			);
			name = "[CP] Check Pods Manifest.lock";
			outputFileListPaths = (
			);
			outputPaths = (
				"$(DERIVED_FILE_DIR)/Pods-Digio-DigioUITests-checkManifestLockResult.txt",
			);
			runOnlyForDeploymentPostprocessing = 0;
			shellPath = /bin/sh;
			shellScript = "diff \"${PODS_PODFILE_DIR_PATH}/Podfile.lock\" \"${PODS_ROOT}/Manifest.lock\" > /dev/null\nif [ $? != 0 ] ; then\n    # print error to STDERR\n    echo \"error: The sandbox is not in sync with the Podfile.lock. Run 'pod install' or update your CocoaPods installation.\" >&2\n    exit 1\nfi\n# This output is used by Xcode 'outputs' to avoid re-running this script phase.\necho \"SUCCESS\" > \"${SCRIPT_OUTPUT_FILE_0}\"\n";
			showEnvVarsInLog = 0;
		};
/* End PBXShellScriptBuildPhase section */

/* Begin PBXSourcesBuildPhase section */
		F43F95802C2FD5FA00FE1C90 /* Sources */ = {
			isa = PBXSourcesBuildPhase;
			buildActionMask = 2147483647;
			files = (
				F4CBE05C2C3121EC009DE789 /* Extensions.swift in Sources */,
				F4CBE07D2C31F2BC009DE789 /* APIClientProtocol.swift in Sources */,
				F4CBE0592C311260009DE789 /* HomeScreen.swift in Sources */,
				F43F958C2C2FD5FA00FE1C90 /* HomeViewController.swift in Sources */,
				F4B15E452C34BA8D006E6FC7 /* FetchProductsUseCase.swift in Sources */,
				F4B15E2E2C335623006E6FC7 /* DigioCashViewModel.swift in Sources */,
				F4B15E212C32F7EF006E6FC7 /* Cash.swift in Sources */,
				F4B15E362C344951006E6FC7 /* UILabel+Extensions.swift in Sources */,
				F4B15E412C34B1F7006E6FC7 /* FetchSpotlightsUseCase.swift in Sources */,
				F4B15E332C3380C2006E6FC7 /* LoggerFactory.swift in Sources */,
				F4CBE0742C31EA12009DE789 /* APIError.swift in Sources */,
				F4CBE0702C31E859009DE789 /* APIEndpoints.swift in Sources */,
				F43F95882C2FD5FA00FE1C90 /* AppDelegate.swift in Sources */,
				F4CBE06B2C31303C009DE789 /* SpotlightCard.swift in Sources */,
				F43F958A2C2FD5FA00FE1C90 /* SceneDelegate.swift in Sources */,
				F4B15E302C3363C1006E6FC7 /* ProductCard.swift in Sources */,
				F4B15E1F2C32F7D7006E6FC7 /* Product.swift in Sources */,
				F4CBE0682C31277E009DE789 /* Constants.swift in Sources */,
				F4B15E3E2C34792C006E6FC7 /* AccessibilityStringsUtils.swift in Sources */,
				F4B15E432C34B887006E6FC7 /* FetchCashUseCase.swift in Sources */,
				F4B15E2C2C335564006E6FC7 /* DigioCashCard.swift in Sources */,
				F4CBE07B2C31F170009DE789 /* ProductsRepositoryImpl.swift in Sources */,
				F4B15E282C331866006E6FC7 /* ProductViewModel.swift in Sources */,
				F4B15E1B2C32F799006E6FC7 /* ProductsResponse.swift in Sources */,
				F4B15E1D2C32F7C2006E6FC7 /* Spotlight.swift in Sources */,
				F4CBE0722C31E864009DE789 /* APIClient.swift in Sources */,
				F4B15E2A2C3318B9006E6FC7 /* SpotlightViewModel.swift in Sources */,
				F4CBE0792C31F0FA009DE789 /* ProductsRepository.swift in Sources */,
				F4B15E242C32FAA3006E6FC7 /* MainViewModel.swift in Sources */,
				F4B15E382C34495F006E6FC7 /* UIButton+Extensions.swift in Sources */,
			);
			runOnlyForDeploymentPostprocessing = 0;
		};
		F43F95962C2FD5FB00FE1C90 /* Sources */ = {
			isa = PBXSourcesBuildPhase;
			buildActionMask = 2147483647;
			files = (
				F43F959F2C2FD5FB00FE1C90 /* DigioTests.swift in Sources */,
			);
			runOnlyForDeploymentPostprocessing = 0;
		};
		F43F95A02C2FD5FB00FE1C90 /* Sources */ = {
			isa = PBXSourcesBuildPhase;
			buildActionMask = 2147483647;
			files = (
				F43F95A92C2FD5FB00FE1C90 /* DigioUITests.swift in Sources */,
				F43F95AB2C2FD5FB00FE1C90 /* DigioUITestsLaunchTests.swift in Sources */,
			);
			runOnlyForDeploymentPostprocessing = 0;
		};
/* End PBXSourcesBuildPhase section */

/* Begin PBXTargetDependency section */
		F43F959C2C2FD5FB00FE1C90 /* PBXTargetDependency */ = {
			isa = PBXTargetDependency;
			target = F43F95832C2FD5FA00FE1C90 /* Digio */;
			targetProxy = F43F959B2C2FD5FB00FE1C90 /* PBXContainerItemProxy */;
		};
		F43F95A62C2FD5FB00FE1C90 /* PBXTargetDependency */ = {
			isa = PBXTargetDependency;
			target = F43F95832C2FD5FA00FE1C90 /* Digio */;
			targetProxy = F43F95A52C2FD5FB00FE1C90 /* PBXContainerItemProxy */;
		};
/* End PBXTargetDependency section */

/* Begin PBXVariantGroup section */
		F43F95922C2FD5FB00FE1C90 /* LaunchScreen.storyboard */ = {
			isa = PBXVariantGroup;
			children = (
				F43F95932C2FD5FB00FE1C90 /* Base */,
				F4B15E3B2C345DB1006E6FC7 /* pt-BR */,
			);
			name = LaunchScreen.storyboard;
			sourceTree = "<group>";
		};
		F4CBE05D2C31230D009DE789 /* Localizable.strings */ = {
			isa = PBXVariantGroup;
			children = (
				F4CBE05E2C31230D009DE789 /* en */,
				F4B15E3C2C345DB1006E6FC7 /* pt-BR */,
			);
			name = Localizable.strings;
			sourceTree = "<group>";
		};
/* End PBXVariantGroup section */

/* Begin XCBuildConfiguration section */
		F43F95AC2C2FD5FB00FE1C90 /* Debug */ = {
			isa = XCBuildConfiguration;
			buildSettings = {
				ALWAYS_SEARCH_USER_PATHS = NO;
				ASSETCATALOG_COMPILER_GENERATE_SWIFT_ASSET_SYMBOL_EXTENSIONS = YES;
				CLANG_ANALYZER_LOCALIZABILITY_NONLOCALIZED = YES;
				CLANG_ANALYZER_NONNULL = YES;
				CLANG_ANALYZER_NUMBER_OBJECT_CONVERSION = YES_AGGRESSIVE;
				CLANG_CXX_LANGUAGE_STANDARD = "gnu++20";
				CLANG_ENABLE_MODULES = YES;
				CLANG_ENABLE_OBJC_ARC = YES;
				CLANG_ENABLE_OBJC_WEAK = YES;
				CLANG_WARN_BLOCK_CAPTURE_AUTORELEASING = YES;
				CLANG_WARN_BOOL_CONVERSION = YES;
				CLANG_WARN_COMMA = YES;
				CLANG_WARN_CONSTANT_CONVERSION = YES;
				CLANG_WARN_DEPRECATED_OBJC_IMPLEMENTATIONS = YES;
				CLANG_WARN_DIRECT_OBJC_ISA_USAGE = YES_ERROR;
				CLANG_WARN_DOCUMENTATION_COMMENTS = YES;
				CLANG_WARN_EMPTY_BODY = YES;
				CLANG_WARN_ENUM_CONVERSION = YES;
				CLANG_WARN_INFINITE_RECURSION = YES;
				CLANG_WARN_INT_CONVERSION = YES;
				CLANG_WARN_NON_LITERAL_NULL_CONVERSION = YES;
				CLANG_WARN_OBJC_IMPLICIT_RETAIN_SELF = YES;
				CLANG_WARN_OBJC_LITERAL_CONVERSION = YES;
				CLANG_WARN_OBJC_ROOT_CLASS = YES_ERROR;
				CLANG_WARN_QUOTED_INCLUDE_IN_FRAMEWORK_HEADER = YES;
				CLANG_WARN_RANGE_LOOP_ANALYSIS = YES;
				CLANG_WARN_STRICT_PROTOTYPES = YES;
				CLANG_WARN_SUSPICIOUS_MOVE = YES;
				CLANG_WARN_UNGUARDED_AVAILABILITY = YES_AGGRESSIVE;
				CLANG_WARN_UNREACHABLE_CODE = YES;
				CLANG_WARN__DUPLICATE_METHOD_MATCH = YES;
				COPY_PHASE_STRIP = NO;
				DEBUG_INFORMATION_FORMAT = dwarf;
				ENABLE_STRICT_OBJC_MSGSEND = YES;
				ENABLE_TESTABILITY = YES;
				ENABLE_USER_SCRIPT_SANDBOXING = NO;
				GCC_C_LANGUAGE_STANDARD = gnu17;
				GCC_DYNAMIC_NO_PIC = NO;
				GCC_NO_COMMON_BLOCKS = YES;
				GCC_OPTIMIZATION_LEVEL = 0;
				GCC_PREPROCESSOR_DEFINITIONS = (
					"DEBUG=1",
					"$(inherited)",
				);
				GCC_WARN_64_TO_32_BIT_CONVERSION = YES;
				GCC_WARN_ABOUT_RETURN_TYPE = YES_ERROR;
				GCC_WARN_UNDECLARED_SELECTOR = YES;
				GCC_WARN_UNINITIALIZED_AUTOS = YES_AGGRESSIVE;
				GCC_WARN_UNUSED_FUNCTION = YES;
				GCC_WARN_UNUSED_VARIABLE = YES;
				IPHONEOS_DEPLOYMENT_TARGET = 12.0;
				LOCALIZATION_PREFERS_STRING_CATALOGS = YES;
				MTL_ENABLE_DEBUG_INFO = INCLUDE_SOURCE;
				MTL_FAST_MATH = YES;
				ONLY_ACTIVE_ARCH = YES;
				SDKROOT = iphoneos;
				SWIFT_ACTIVE_COMPILATION_CONDITIONS = "DEBUG $(inherited)";
				SWIFT_OPTIMIZATION_LEVEL = "-Onone";
			};
			name = Debug;
		};
		F43F95AD2C2FD5FB00FE1C90 /* Release */ = {
			isa = XCBuildConfiguration;
			buildSettings = {
				ALWAYS_SEARCH_USER_PATHS = NO;
				ASSETCATALOG_COMPILER_GENERATE_SWIFT_ASSET_SYMBOL_EXTENSIONS = YES;
				CLANG_ANALYZER_LOCALIZABILITY_NONLOCALIZED = YES;
				CLANG_ANALYZER_NONNULL = YES;
				CLANG_ANALYZER_NUMBER_OBJECT_CONVERSION = YES_AGGRESSIVE;
				CLANG_CXX_LANGUAGE_STANDARD = "gnu++20";
				CLANG_ENABLE_MODULES = YES;
				CLANG_ENABLE_OBJC_ARC = YES;
				CLANG_ENABLE_OBJC_WEAK = YES;
				CLANG_WARN_BLOCK_CAPTURE_AUTORELEASING = YES;
				CLANG_WARN_BOOL_CONVERSION = YES;
				CLANG_WARN_COMMA = YES;
				CLANG_WARN_CONSTANT_CONVERSION = YES;
				CLANG_WARN_DEPRECATED_OBJC_IMPLEMENTATIONS = YES;
				CLANG_WARN_DIRECT_OBJC_ISA_USAGE = YES_ERROR;
				CLANG_WARN_DOCUMENTATION_COMMENTS = YES;
				CLANG_WARN_EMPTY_BODY = YES;
				CLANG_WARN_ENUM_CONVERSION = YES;
				CLANG_WARN_INFINITE_RECURSION = YES;
				CLANG_WARN_INT_CONVERSION = YES;
				CLANG_WARN_NON_LITERAL_NULL_CONVERSION = YES;
				CLANG_WARN_OBJC_IMPLICIT_RETAIN_SELF = YES;
				CLANG_WARN_OBJC_LITERAL_CONVERSION = YES;
				CLANG_WARN_OBJC_ROOT_CLASS = YES_ERROR;
				CLANG_WARN_QUOTED_INCLUDE_IN_FRAMEWORK_HEADER = YES;
				CLANG_WARN_RANGE_LOOP_ANALYSIS = YES;
				CLANG_WARN_STRICT_PROTOTYPES = YES;
				CLANG_WARN_SUSPICIOUS_MOVE = YES;
				CLANG_WARN_UNGUARDED_AVAILABILITY = YES_AGGRESSIVE;
				CLANG_WARN_UNREACHABLE_CODE = YES;
				CLANG_WARN__DUPLICATE_METHOD_MATCH = YES;
				COPY_PHASE_STRIP = NO;
				DEBUG_INFORMATION_FORMAT = "dwarf-with-dsym";
				ENABLE_NS_ASSERTIONS = NO;
				ENABLE_STRICT_OBJC_MSGSEND = YES;
				ENABLE_USER_SCRIPT_SANDBOXING = NO;
				GCC_C_LANGUAGE_STANDARD = gnu17;
				GCC_NO_COMMON_BLOCKS = YES;
				GCC_WARN_64_TO_32_BIT_CONVERSION = YES;
				GCC_WARN_ABOUT_RETURN_TYPE = YES_ERROR;
				GCC_WARN_UNDECLARED_SELECTOR = YES;
				GCC_WARN_UNINITIALIZED_AUTOS = YES_AGGRESSIVE;
				GCC_WARN_UNUSED_FUNCTION = YES;
				GCC_WARN_UNUSED_VARIABLE = YES;
				IPHONEOS_DEPLOYMENT_TARGET = 12.0;
				LOCALIZATION_PREFERS_STRING_CATALOGS = YES;
				MTL_ENABLE_DEBUG_INFO = NO;
				MTL_FAST_MATH = YES;
				SDKROOT = iphoneos;
				SWIFT_COMPILATION_MODE = wholemodule;
				VALIDATE_PRODUCT = YES;
			};
			name = Release;
		};
		F43F95AF2C2FD5FB00FE1C90 /* Debug */ = {
			isa = XCBuildConfiguration;
			baseConfigurationReference = 312AF36B4706690078652D44 /* Pods-Digio.debug.xcconfig */;
			buildSettings = {
				ASSETCATALOG_COMPILER_APPICON_NAME = AppIcon;
				ASSETCATALOG_COMPILER_GLOBAL_ACCENT_COLOR_NAME = AccentColor;
				CODE_SIGN_STYLE = Automatic;
				CURRENT_PROJECT_VERSION = 1;
				DEVELOPMENT_TEAM = 6NZ5C3QSQR;
				GENERATE_INFOPLIST_FILE = YES;
				INFOPLIST_FILE = Digio/Info.plist;
				INFOPLIST_KEY_UIApplicationSupportsIndirectInputEvents = YES;
				INFOPLIST_KEY_UILaunchStoryboardName = LaunchScreen;
				INFOPLIST_KEY_UISupportedInterfaceOrientations_iPad = "UIInterfaceOrientationPortrait UIInterfaceOrientationPortraitUpsideDown UIInterfaceOrientationLandscapeLeft UIInterfaceOrientationLandscapeRight";
				INFOPLIST_KEY_UISupportedInterfaceOrientations_iPhone = "UIInterfaceOrientationPortrait UIInterfaceOrientationLandscapeLeft UIInterfaceOrientationLandscapeRight";
				IPHONEOS_DEPLOYMENT_TARGET = 12.0;
				LD_RUNPATH_SEARCH_PATHS = (
					"$(inherited)",
					"@executable_path/Frameworks",
				);
				MARKETING_VERSION = 1.0;
				PRODUCT_BUNDLE_IDENTIFIER = julio.Digio;
				PRODUCT_NAME = "$(TARGET_NAME)";
				SWIFT_EMIT_LOC_STRINGS = YES;
				SWIFT_VERSION = 4.2;
				TARGETED_DEVICE_FAMILY = "1,2";
			};
			name = Debug;
		};
		F43F95B02C2FD5FB00FE1C90 /* Release */ = {
			isa = XCBuildConfiguration;
			baseConfigurationReference = 9DCB7BACF0FE91DA755436FA /* Pods-Digio.release.xcconfig */;
			buildSettings = {
				ASSETCATALOG_COMPILER_APPICON_NAME = AppIcon;
				ASSETCATALOG_COMPILER_GLOBAL_ACCENT_COLOR_NAME = AccentColor;
				CODE_SIGN_STYLE = Automatic;
				CURRENT_PROJECT_VERSION = 1;
				DEVELOPMENT_TEAM = 6NZ5C3QSQR;
				GENERATE_INFOPLIST_FILE = YES;
				INFOPLIST_FILE = Digio/Info.plist;
				INFOPLIST_KEY_UIApplicationSupportsIndirectInputEvents = YES;
				INFOPLIST_KEY_UILaunchStoryboardName = LaunchScreen;
				INFOPLIST_KEY_UISupportedInterfaceOrientations_iPad = "UIInterfaceOrientationPortrait UIInterfaceOrientationPortraitUpsideDown UIInterfaceOrientationLandscapeLeft UIInterfaceOrientationLandscapeRight";
				INFOPLIST_KEY_UISupportedInterfaceOrientations_iPhone = "UIInterfaceOrientationPortrait UIInterfaceOrientationLandscapeLeft UIInterfaceOrientationLandscapeRight";
				IPHONEOS_DEPLOYMENT_TARGET = 12.0;
				LD_RUNPATH_SEARCH_PATHS = (
					"$(inherited)",
					"@executable_path/Frameworks",
				);
				MARKETING_VERSION = 1.0;
				PRODUCT_BUNDLE_IDENTIFIER = julio.Digio;
				PRODUCT_NAME = "$(TARGET_NAME)";
				SWIFT_EMIT_LOC_STRINGS = YES;
				SWIFT_VERSION = 4.2;
				TARGETED_DEVICE_FAMILY = "1,2";
			};
			name = Release;
		};
		F43F95B22C2FD5FB00FE1C90 /* Debug */ = {
			isa = XCBuildConfiguration;
			baseConfigurationReference = F78650F0F2D1CB53A0D69DE4 /* Pods-DigioTests.debug.xcconfig */;
			buildSettings = {
				ALWAYS_EMBED_SWIFT_STANDARD_LIBRARIES = YES;
				BUNDLE_LOADER = "$(TEST_HOST)";
				CODE_SIGN_STYLE = Automatic;
				CURRENT_PROJECT_VERSION = 1;
				GENERATE_INFOPLIST_FILE = YES;
				IPHONEOS_DEPLOYMENT_TARGET = 12.0;
				MARKETING_VERSION = 1.0;
				PRODUCT_BUNDLE_IDENTIFIER = julio.DigioTests;
				PRODUCT_NAME = "$(TARGET_NAME)";
				SWIFT_EMIT_LOC_STRINGS = NO;
				SWIFT_VERSION = 4.2;
				TARGETED_DEVICE_FAMILY = "1,2";
				TEST_HOST = "$(BUILT_PRODUCTS_DIR)/Digio.app/$(BUNDLE_EXECUTABLE_FOLDER_PATH)/Digio";
			};
			name = Debug;
		};
		F43F95B32C2FD5FB00FE1C90 /* Release */ = {
			isa = XCBuildConfiguration;
			baseConfigurationReference = E94F5D106FB52CC565E387D4 /* Pods-DigioTests.release.xcconfig */;
			buildSettings = {
				ALWAYS_EMBED_SWIFT_STANDARD_LIBRARIES = YES;
				BUNDLE_LOADER = "$(TEST_HOST)";
				CODE_SIGN_STYLE = Automatic;
				CURRENT_PROJECT_VERSION = 1;
				GENERATE_INFOPLIST_FILE = YES;
				IPHONEOS_DEPLOYMENT_TARGET = 12.0;
				MARKETING_VERSION = 1.0;
				PRODUCT_BUNDLE_IDENTIFIER = julio.DigioTests;
				PRODUCT_NAME = "$(TARGET_NAME)";
				SWIFT_EMIT_LOC_STRINGS = NO;
				SWIFT_VERSION = 4.2;
				TARGETED_DEVICE_FAMILY = "1,2";
				TEST_HOST = "$(BUILT_PRODUCTS_DIR)/Digio.app/$(BUNDLE_EXECUTABLE_FOLDER_PATH)/Digio";
			};
			name = Release;
		};
		F43F95B52C2FD5FB00FE1C90 /* Debug */ = {
			isa = XCBuildConfiguration;
			baseConfigurationReference = 92EC445A48963B9A7B8B270F /* Pods-Digio-DigioUITests.debug.xcconfig */;
			buildSettings = {
				ALWAYS_EMBED_SWIFT_STANDARD_LIBRARIES = YES;
				CODE_SIGN_STYLE = Automatic;
				CURRENT_PROJECT_VERSION = 1;
				GENERATE_INFOPLIST_FILE = YES;
				IPHONEOS_DEPLOYMENT_TARGET = 12.0;
				MARKETING_VERSION = 1.0;
				PRODUCT_BUNDLE_IDENTIFIER = julio.DigioUITests;
				PRODUCT_NAME = "$(TARGET_NAME)";
				SWIFT_EMIT_LOC_STRINGS = NO;
				SWIFT_VERSION = 4.2;
				TARGETED_DEVICE_FAMILY = "1,2";
				TEST_TARGET_NAME = Digio;
			};
			name = Debug;
		};
		F43F95B62C2FD5FB00FE1C90 /* Release */ = {
			isa = XCBuildConfiguration;
			baseConfigurationReference = A0CCCDAF0E729400817B3DD5 /* Pods-Digio-DigioUITests.release.xcconfig */;
			buildSettings = {
				ALWAYS_EMBED_SWIFT_STANDARD_LIBRARIES = YES;
				CODE_SIGN_STYLE = Automatic;
				CURRENT_PROJECT_VERSION = 1;
				GENERATE_INFOPLIST_FILE = YES;
				IPHONEOS_DEPLOYMENT_TARGET = 12.0;
				MARKETING_VERSION = 1.0;
				PRODUCT_BUNDLE_IDENTIFIER = julio.DigioUITests;
				PRODUCT_NAME = "$(TARGET_NAME)";
				SWIFT_EMIT_LOC_STRINGS = NO;
				SWIFT_VERSION = 4.2;
				TARGETED_DEVICE_FAMILY = "1,2";
				TEST_TARGET_NAME = Digio;
			};
			name = Release;
		};
/* End XCBuildConfiguration section */

/* Begin XCConfigurationList section */
		F43F957F2C2FD5FA00FE1C90 /* Build configuration list for PBXProject "Digio" */ = {
			isa = XCConfigurationList;
			buildConfigurations = (
				F43F95AC2C2FD5FB00FE1C90 /* Debug */,
				F43F95AD2C2FD5FB00FE1C90 /* Release */,
			);
			defaultConfigurationIsVisible = 0;
			defaultConfigurationName = Release;
		};
		F43F95AE2C2FD5FB00FE1C90 /* Build configuration list for PBXNativeTarget "Digio" */ = {
			isa = XCConfigurationList;
			buildConfigurations = (
				F43F95AF2C2FD5FB00FE1C90 /* Debug */,
				F43F95B02C2FD5FB00FE1C90 /* Release */,
			);
			defaultConfigurationIsVisible = 0;
			defaultConfigurationName = Release;
		};
		F43F95B12C2FD5FB00FE1C90 /* Build configuration list for PBXNativeTarget "DigioTests" */ = {
			isa = XCConfigurationList;
			buildConfigurations = (
				F43F95B22C2FD5FB00FE1C90 /* Debug */,
				F43F95B32C2FD5FB00FE1C90 /* Release */,
			);
			defaultConfigurationIsVisible = 0;
			defaultConfigurationName = Release;
		};
		F43F95B42C2FD5FB00FE1C90 /* Build configuration list for PBXNativeTarget "DigioUITests" */ = {
			isa = XCConfigurationList;
			buildConfigurations = (
				F43F95B52C2FD5FB00FE1C90 /* Debug */,
				F43F95B62C2FD5FB00FE1C90 /* Release */,
			);
			defaultConfigurationIsVisible = 0;
			defaultConfigurationName = Release;
		};
/* End XCConfigurationList section */
	};
	rootObject = F43F957C2C2FD5FA00FE1C90 /* Project object */;
}
